
Microsoft Visual Studio Solution File, Format Version 12.00
# Visual Studio Version 16
VisualStudioVersion = 16.0.30128.74
MinimumVisualStudioVersion = 10.0.40219.1
Project("{9A19103F-16F7-4668-BE54-9A1E7A4F7556}") = "MyASPCoreProject", "MyASPCoreProject\MyASPCoreProject.csproj", "{094A386A-15FC-41B2-8361-D372FB13F665}"
EndProject
Global
	GlobalSection(SolutionConfigurationPlatforms) = preSolution
		Debug|Any CPU = Debug|Any CPU
		Release|Any CPU = Release|Any CPU
	EndGlobalSection
	GlobalSection(ProjectConfigurationPlatforms) = postSolution
		{094A386A-15FC-41B2-8361-D372FB13F665}.Debug|Any CPU.ActiveCfg = Debug|Any CPU
		{094A386A-15FC-41B2-8361-D372FB13F665}.Debug|Any CPU.Build.0 = Debug|Any CPU
		{094A386A-15FC-41B2-8361-D372FB13F665}.Release|Any CPU.ActiveCfg = Release|Any CPU
		{094A386A-15FC-41B2-8361-D372FB13F665}.Release|Any CPU.Build.0 = Release|Any CPU
	EndGlobalSection
	GlobalSection(SolutionProperties) = preSolution
		HideSolutionNode = FALSE
	EndGlobalSection
	GlobalSection(ExtensibilityGlobals) = postSolution
		SolutionGuid = {D82F12AB-D58E-4911-A823-36E76A2E30EB}
	EndGlobalSection
EndGlobal
